
Microsoft Visual Studio Solution File, Format Version 12.00
# Visual Studio Version 17
VisualStudioVersion = 17.10.34916.146
MinimumVisualStudioVersion = 10.0.40219.1
Project("{9A19103F-16F7-4668-BE54-9A1E7A4F7556}") = "PedidoService", "PedidoService\PedidoService.csproj", "{2910D6F2-F97C-4CA1-82C7-174005580034}"
EndProject
Project("{9A19103F-16F7-4668-BE54-9A1E7A4F7556}") = "ProdutoService", "ProdutoService\ProdutoService.csproj", "{27B5473A-E73D-436C-B0AD-F7736D53D9EB}"
EndProject
Project("{9A19103F-16F7-4668-BE54-9A1E7A4F7556}") = "PagamentoService", "PagamentoService\PagamentoService.csproj", "{8FA37A31-C769-40BB-A8C7-55E1EC30175D}"
EndProject
Project("{9A19103F-16F7-4668-BE54-9A1E7A4F7556}") = "ClienteService", "ClienteService\ClienteService.csproj", "{A8B24796-B944-4C2F-B6E3-EACB108B6228}"
EndProject
Project("{9A19103F-16F7-4668-BE54-9A1E7A4F7556}") = "NotificationService", "NotificationService\NotificationService.csproj", "{F30D1937-95D7-4E41-B18D-64CF02446288}"
EndProject
Global
	GlobalSection(SolutionConfigurationPlatforms) = preSolution
		Debug|Any CPU = Debug|Any CPU
		Release|Any CPU = Release|Any CPU
	EndGlobalSection
	GlobalSection(ProjectConfigurationPlatforms) = postSolution
		{2910D6F2-F97C-4CA1-82C7-174005580034}.Debug|Any CPU.ActiveCfg = Debug|Any CPU
		{2910D6F2-F97C-4CA1-82C7-174005580034}.Debug|Any CPU.Build.0 = Debug|Any CPU
		{2910D6F2-F97C-4CA1-82C7-174005580034}.Release|Any CPU.ActiveCfg = Release|Any CPU
		{2910D6F2-F97C-4CA1-82C7-174005580034}.Release|Any CPU.Build.0 = Release|Any CPU
		{27B5473A-E73D-436C-B0AD-F7736D53D9EB}.Debug|Any CPU.ActiveCfg = Debug|Any CPU
		{27B5473A-E73D-436C-B0AD-F7736D53D9EB}.Debug|Any CPU.Build.0 = Debug|Any CPU
		{27B5473A-E73D-436C-B0AD-F7736D53D9EB}.Release|Any CPU.ActiveCfg = Release|Any CPU
		{27B5473A-E73D-436C-B0AD-F7736D53D9EB}.Release|Any CPU.Build.0 = Release|Any CPU
		{8FA37A31-C769-40BB-A8C7-55E1EC30175D}.Debug|Any CPU.ActiveCfg = Debug|Any CPU
		{8FA37A31-C769-40BB-A8C7-55E1EC30175D}.Debug|Any CPU.Build.0 = Debug|Any CPU
		{8FA37A31-C769-40BB-A8C7-55E1EC30175D}.Release|Any CPU.ActiveCfg = Release|Any CPU
		{8FA37A31-C769-40BB-A8C7-55E1EC30175D}.Release|Any CPU.Build.0 = Release|Any CPU
		{A8B24796-B944-4C2F-B6E3-EACB108B6228}.Debug|Any CPU.ActiveCfg = Debug|Any CPU
		{A8B24796-B944-4C2F-B6E3-EACB108B6228}.Debug|Any CPU.Build.0 = Debug|Any CPU
		{A8B24796-B944-4C2F-B6E3-EACB108B6228}.Release|Any CPU.ActiveCfg = Release|Any CPU
		{A8B24796-B944-4C2F-B6E3-EACB108B6228}.Release|Any CPU.Build.0 = Release|Any CPU
		{F30D1937-95D7-4E41-B18D-64CF02446288}.Debug|Any CPU.ActiveCfg = Debug|Any CPU
		{F30D1937-95D7-4E41-B18D-64CF02446288}.Debug|Any CPU.Build.0 = Debug|Any CPU
		{F30D1937-95D7-4E41-B18D-64CF02446288}.Release|Any CPU.ActiveCfg = Release|Any CPU
		{F30D1937-95D7-4E41-B18D-64CF02446288}.Release|Any CPU.Build.0 = Release|Any CPU
	EndGlobalSection
	GlobalSection(SolutionProperties) = preSolution
		HideSolutionNode = FALSE
	EndGlobalSection
	GlobalSection(ExtensibilityGlobals) = postSolution
		SolutionGuid = {F64C8FB8-8717-4E0D-AA60-2B2C2A44E587}
	EndGlobalSection
EndGlobal
